
Microsoft Visual Studio Solution File, Format Version 12.00
# Visual Studio Version 17
VisualStudioVersion = 17.14.36310.24 d17.14
MinimumVisualStudioVersion = 10.0.40219.1
Project("{54A90642-561A-4BB1-A94E-469ADEE60C69}") = "cyberincidentmanager.ui", "CyberIncidentManager.UI\cyberincidentmanager.ui.esproj", "{0711C6CF-F324-69A0-1659-1D0D2A833653}"
EndProject
Project("{FAE04EC0-301F-11D3-BF4B-00C04F79EFBC}") = "CyberIncidentManager.API", "..\CyberIncidentManager.API\CyberIncidentManager.API\CyberIncidentManager.API.csproj", "{572510B5-851D-7168-A149-33106A864812}"
EndProject
Global
	GlobalSection(SolutionConfigurationPlatforms) = preSolution
		Debug|Any CPU = Debug|Any CPU
		Release|Any CPU = Release|Any CPU
	EndGlobalSection
	GlobalSection(ProjectConfigurationPlatforms) = postSolution
		{0711C6CF-F324-69A0-1659-1D0D2A833653}.Debug|Any CPU.ActiveCfg = Debug|Any CPU
		{0711C6CF-F324-69A0-1659-1D0D2A833653}.Debug|Any CPU.Build.0 = Debug|Any CPU
		{0711C6CF-F324-69A0-1659-1D0D2A833653}.Debug|Any CPU.Deploy.0 = Debug|Any CPU
		{0711C6CF-F324-69A0-1659-1D0D2A833653}.Release|Any CPU.ActiveCfg = Release|Any CPU
		{0711C6CF-F324-69A0-1659-1D0D2A833653}.Release|Any CPU.Build.0 = Release|Any CPU
		{0711C6CF-F324-69A0-1659-1D0D2A833653}.Release|Any CPU.Deploy.0 = Release|Any CPU
		{572510B5-851D-7168-A149-33106A864812}.Debug|Any CPU.ActiveCfg = Debug|Any CPU
		{572510B5-851D-7168-A149-33106A864812}.Debug|Any CPU.Build.0 = Debug|Any CPU
		{572510B5-851D-7168-A149-33106A864812}.Release|Any CPU.ActiveCfg = Release|Any CPU
		{572510B5-851D-7168-A149-33106A864812}.Release|Any CPU.Build.0 = Release|Any CPU
	EndGlobalSection
	GlobalSection(SolutionProperties) = preSolution
		HideSolutionNode = FALSE
	EndGlobalSection
	GlobalSection(ExtensibilityGlobals) = postSolution
		SolutionGuid = {BC6C1F25-7952-4FFC-A9C6-AC610C047CD9}
	EndGlobalSection
EndGlobal
